
Microsoft Visual Studio Solution File, Format Version 12.00
# Visual Studio Version 17
VisualStudioVersion = 17.0.32112.339
MinimumVisualStudioVersion = 10.0.40219.1
Project("{2150E333-8FDC-42A3-9474-1A3956D46DE8}") = "core", "core", "{74B8EBA2-A731-4F0A-BAFA-08F86BC4674C}"
EndProject
Project("{2150E333-8FDC-42A3-9474-1A3956D46DE8}") = "Services", "Services", "{0594E810-E289-4A3F-8E6C-9A070B08276C}"
EndProject
Project("{9A19103F-16F7-4668-BE54-9A1E7A4F7556}") = "CadastroSPA.Core", "CadastroSPA.Core\CadastroSPA.Core.csproj", "{17D4F6AF-14C9-470E-A95B-01B940572E23}"
EndProject
Project("{2150E333-8FDC-42A3-9474-1A3956D46DE8}") = "Identidade", "Identidade", "{3486892D-00D4-4230-98BB-5873F8BBD3BE}"
EndProject
Project("{2150E333-8FDC-42A3-9474-1A3956D46DE8}") = "Cadastro", "Cadastro", "{E97D435A-9A4E-4A57-BDD6-89D9D5A24FEA}"
EndProject
Project("{9A19103F-16F7-4668-BE54-9A1E7A4F7556}") = "CadastroSPA.Identidade.API", "CadastroSPA.Identidade.API\CadastroSPA.Identidade.API.csproj", "{A1FBCFBF-317A-4F12-9334-FCB5B8BCA374}"
EndProject
Project("{FAE04EC0-301F-11D3-BF4B-00C04F79EFBC}") = "CadastroSPA.Cadastro.API", "CadastroSPA.Cadastro.API\CadastroSPA.Cadastro.API.csproj", "{8FB0E160-4566-42F8-A115-0E7D3D0E803B}"
	ProjectSection(ProjectDependencies) = postProject
		{013CAF0F-DF4B-4CD1-9A34-5A50A74E677D} = {013CAF0F-DF4B-4CD1-9A34-5A50A74E677D}
		{4C20AF43-BF3C-4638-A551-8139766688C0} = {4C20AF43-BF3C-4638-A551-8139766688C0}
		{91FB377A-3FC1-4087-B7AF-ECCF4973A81A} = {91FB377A-3FC1-4087-B7AF-ECCF4973A81A}
		{17D4F6AF-14C9-470E-A95B-01B940572E23} = {17D4F6AF-14C9-470E-A95B-01B940572E23}
	EndProjectSection
EndProject
Project("{2150E333-8FDC-42A3-9474-1A3956D46DE8}") = "1 - Presentation", "1 - Presentation", "{4C20EE7C-CFAF-4674-9FFC-5A97D445C295}"
EndProject
Project("{2150E333-8FDC-42A3-9474-1A3956D46DE8}") = "2 - Application", "2 - Application", "{648D3E36-B80B-4F56-976D-16B2B6AAEF92}"
EndProject
Project("{2150E333-8FDC-42A3-9474-1A3956D46DE8}") = "3 - Domain", "3 - Domain", "{1E211352-2917-4570-859E-2C01006D3C36}"
EndProject
Project("{2150E333-8FDC-42A3-9474-1A3956D46DE8}") = "4 - Infrastructure", "4 - Infrastructure", "{7F2264E6-4C04-4AE3-A4F0-B0066A0905B4}"
EndProject
Project("{FAE04EC0-301F-11D3-BF4B-00C04F79EFBC}") = "CadastroSPA.Cadastro.Application", "CadastroSPA.Cadastro.Application\CadastroSPA.Cadastro.Application.csproj", "{4C20AF43-BF3C-4638-A551-8139766688C0}"
	ProjectSection(ProjectDependencies) = postProject
		{013CAF0F-DF4B-4CD1-9A34-5A50A74E677D} = {013CAF0F-DF4B-4CD1-9A34-5A50A74E677D}
		{91FB377A-3FC1-4087-B7AF-ECCF4973A81A} = {91FB377A-3FC1-4087-B7AF-ECCF4973A81A}
	EndProjectSection
EndProject
Project("{FAE04EC0-301F-11D3-BF4B-00C04F79EFBC}") = "CadastroSPA.Cadastro.Domain", "CadastroSPA.Cadastro.Domain\CadastroSPA.Cadastro.Domain.csproj", "{91FB377A-3FC1-4087-B7AF-ECCF4973A81A}"
	ProjectSection(ProjectDependencies) = postProject
		{17D4F6AF-14C9-470E-A95B-01B940572E23} = {17D4F6AF-14C9-470E-A95B-01B940572E23}
	EndProjectSection
EndProject
Project("{FAE04EC0-301F-11D3-BF4B-00C04F79EFBC}") = "CadastroSPA.Cadastro.Data", "CadastroSPA.Cadastro.Data\CadastroSPA.Cadastro.Data.csproj", "{013CAF0F-DF4B-4CD1-9A34-5A50A74E677D}"
	ProjectSection(ProjectDependencies) = postProject
		{91FB377A-3FC1-4087-B7AF-ECCF4973A81A} = {91FB377A-3FC1-4087-B7AF-ECCF4973A81A}
		{17D4F6AF-14C9-470E-A95B-01B940572E23} = {17D4F6AF-14C9-470E-A95B-01B940572E23}
	EndProjectSection
EndProject
Project("{FAE04EC0-301F-11D3-BF4B-00C04F79EFBC}") = "CadastroSPA.Cadastro.Infra.CrossCutting.IoC", "CadastroSPA.Cadastro.Infra.CrossCutting.IoC\CadastroSPA.Cadastro.Infra.CrossCutting.IoC.csproj", "{78EE0151-3809-4CA6-94C5-466DD03F4CD7}"
	ProjectSection(ProjectDependencies) = postProject
		{013CAF0F-DF4B-4CD1-9A34-5A50A74E677D} = {013CAF0F-DF4B-4CD1-9A34-5A50A74E677D}
		{4C20AF43-BF3C-4638-A551-8139766688C0} = {4C20AF43-BF3C-4638-A551-8139766688C0}
		{91FB377A-3FC1-4087-B7AF-ECCF4973A81A} = {91FB377A-3FC1-4087-B7AF-ECCF4973A81A}
		{17D4F6AF-14C9-470E-A95B-01B940572E23} = {17D4F6AF-14C9-470E-A95B-01B940572E23}
	EndProjectSection
EndProject
Global
	GlobalSection(SolutionConfigurationPlatforms) = preSolution
		Debug|Any CPU = Debug|Any CPU
		Release|Any CPU = Release|Any CPU
	EndGlobalSection
	GlobalSection(ProjectConfigurationPlatforms) = postSolution
		{17D4F6AF-14C9-470E-A95B-01B940572E23}.Debug|Any CPU.ActiveCfg = Debug|Any CPU
		{17D4F6AF-14C9-470E-A95B-01B940572E23}.Debug|Any CPU.Build.0 = Debug|Any CPU
		{17D4F6AF-14C9-470E-A95B-01B940572E23}.Release|Any CPU.ActiveCfg = Release|Any CPU
		{17D4F6AF-14C9-470E-A95B-01B940572E23}.Release|Any CPU.Build.0 = Release|Any CPU
		{A1FBCFBF-317A-4F12-9334-FCB5B8BCA374}.Debug|Any CPU.ActiveCfg = Debug|Any CPU
		{A1FBCFBF-317A-4F12-9334-FCB5B8BCA374}.Debug|Any CPU.Build.0 = Debug|Any CPU
		{A1FBCFBF-317A-4F12-9334-FCB5B8BCA374}.Release|Any CPU.ActiveCfg = Release|Any CPU
		{A1FBCFBF-317A-4F12-9334-FCB5B8BCA374}.Release|Any CPU.Build.0 = Release|Any CPU
		{8FB0E160-4566-42F8-A115-0E7D3D0E803B}.Debug|Any CPU.ActiveCfg = Debug|Any CPU
		{8FB0E160-4566-42F8-A115-0E7D3D0E803B}.Debug|Any CPU.Build.0 = Debug|Any CPU
		{8FB0E160-4566-42F8-A115-0E7D3D0E803B}.Release|Any CPU.ActiveCfg = Release|Any CPU
		{8FB0E160-4566-42F8-A115-0E7D3D0E803B}.Release|Any CPU.Build.0 = Release|Any CPU
		{4C20AF43-BF3C-4638-A551-8139766688C0}.Debug|Any CPU.ActiveCfg = Debug|Any CPU
		{4C20AF43-BF3C-4638-A551-8139766688C0}.Debug|Any CPU.Build.0 = Debug|Any CPU
		{4C20AF43-BF3C-4638-A551-8139766688C0}.Release|Any CPU.ActiveCfg = Release|Any CPU
		{4C20AF43-BF3C-4638-A551-8139766688C0}.Release|Any CPU.Build.0 = Release|Any CPU
		{91FB377A-3FC1-4087-B7AF-ECCF4973A81A}.Debug|Any CPU.ActiveCfg = Debug|Any CPU
		{91FB377A-3FC1-4087-B7AF-ECCF4973A81A}.Debug|Any CPU.Build.0 = Debug|Any CPU
		{91FB377A-3FC1-4087-B7AF-ECCF4973A81A}.Release|Any CPU.ActiveCfg = Release|Any CPU
		{91FB377A-3FC1-4087-B7AF-ECCF4973A81A}.Release|Any CPU.Build.0 = Release|Any CPU
		{013CAF0F-DF4B-4CD1-9A34-5A50A74E677D}.Debug|Any CPU.ActiveCfg = Debug|Any CPU
		{013CAF0F-DF4B-4CD1-9A34-5A50A74E677D}.Debug|Any CPU.Build.0 = Debug|Any CPU
		{013CAF0F-DF4B-4CD1-9A34-5A50A74E677D}.Release|Any CPU.ActiveCfg = Release|Any CPU
		{013CAF0F-DF4B-4CD1-9A34-5A50A74E677D}.Release|Any CPU.Build.0 = Release|Any CPU
		{78EE0151-3809-4CA6-94C5-466DD03F4CD7}.Debug|Any CPU.ActiveCfg = Debug|Any CPU
		{78EE0151-3809-4CA6-94C5-466DD03F4CD7}.Debug|Any CPU.Build.0 = Debug|Any CPU
		{78EE0151-3809-4CA6-94C5-466DD03F4CD7}.Release|Any CPU.ActiveCfg = Release|Any CPU
		{78EE0151-3809-4CA6-94C5-466DD03F4CD7}.Release|Any CPU.Build.0 = Release|Any CPU
	EndGlobalSection
	GlobalSection(SolutionProperties) = preSolution
		HideSolutionNode = FALSE
	EndGlobalSection
	GlobalSection(NestedProjects) = preSolution
		{17D4F6AF-14C9-470E-A95B-01B940572E23} = {74B8EBA2-A731-4F0A-BAFA-08F86BC4674C}
		{3486892D-00D4-4230-98BB-5873F8BBD3BE} = {0594E810-E289-4A3F-8E6C-9A070B08276C}
		{E97D435A-9A4E-4A57-BDD6-89D9D5A24FEA} = {0594E810-E289-4A3F-8E6C-9A070B08276C}
		{A1FBCFBF-317A-4F12-9334-FCB5B8BCA374} = {3486892D-00D4-4230-98BB-5873F8BBD3BE}
		{8FB0E160-4566-42F8-A115-0E7D3D0E803B} = {4C20EE7C-CFAF-4674-9FFC-5A97D445C295}
		{4C20EE7C-CFAF-4674-9FFC-5A97D445C295} = {E97D435A-9A4E-4A57-BDD6-89D9D5A24FEA}
		{648D3E36-B80B-4F56-976D-16B2B6AAEF92} = {E97D435A-9A4E-4A57-BDD6-89D9D5A24FEA}
		{1E211352-2917-4570-859E-2C01006D3C36} = {E97D435A-9A4E-4A57-BDD6-89D9D5A24FEA}
		{7F2264E6-4C04-4AE3-A4F0-B0066A0905B4} = {E97D435A-9A4E-4A57-BDD6-89D9D5A24FEA}
		{4C20AF43-BF3C-4638-A551-8139766688C0} = {648D3E36-B80B-4F56-976D-16B2B6AAEF92}
		{91FB377A-3FC1-4087-B7AF-ECCF4973A81A} = {1E211352-2917-4570-859E-2C01006D3C36}
		{013CAF0F-DF4B-4CD1-9A34-5A50A74E677D} = {7F2264E6-4C04-4AE3-A4F0-B0066A0905B4}
		{78EE0151-3809-4CA6-94C5-466DD03F4CD7} = {7F2264E6-4C04-4AE3-A4F0-B0066A0905B4}
	EndGlobalSection
	GlobalSection(ExtensibilityGlobals) = postSolution
		SolutionGuid = {185DD625-7C6E-48D1-80A6-00EBC64FE066}
	EndGlobalSection
EndGlobal
